
Microsoft Visual Studio Solution File, Format Version 12.00
# Visual Studio Version 16
VisualStudioVersion = 16.0.29102.190
MinimumVisualStudioVersion = 10.0.40219.1
Project("{FAE04EC0-301F-11D3-BF4B-00C04F79EFBC}") = "BeginningCSharp", "BeginningCSharp.csproj", "{813761DE-B0C2-4842-9198-40548A944680}"
EndProject
Project("{2150E333-8FDC-42A3-9474-1A3956D46DE8}") = "Solution Items", "Solution Items", "{6B7BC9D4-66CD-447E-A99D-B02C72677796}"
EndProject
Global
	GlobalSection(SolutionConfigurationPlatforms) = preSolution
		Debug|Any CPU = Debug|Any CPU
		Release|Any CPU = Release|Any CPU
	EndGlobalSection
	GlobalSection(ProjectConfigurationPlatforms) = postSolution
		{813761DE-B0C2-4842-9198-40548A944680}.Debug|Any CPU.ActiveCfg = Debug|Any CPU
		{813761DE-B0C2-4842-9198-40548A944680}.Debug|Any CPU.Build.0 = Debug|Any CPU
		{813761DE-B0C2-4842-9198-40548A944680}.Release|Any CPU.ActiveCfg = Release|Any CPU
		{813761DE-B0C2-4842-9198-40548A944680}.Release|Any CPU.Build.0 = Release|Any CPU
	EndGlobalSection
	GlobalSection(SolutionProperties) = preSolution
		HideSolutionNode = FALSE
	EndGlobalSection
	GlobalSection(ExtensibilityGlobals) = postSolution
		SolutionGuid = {34D0EE35-4F65-4F2A-ACEF-5AEEF2D0A413}
	EndGlobalSection
EndGlobal
